// !$*UTF8*$!
{
	archiveVersion = 1;
	classes = {
	};
	objectVersion = 50;
	objects = {

/* Begin PBXBuildFile section */
		6EBE74FF24678CA600B4446F /* AppDelegate.swift in Sources */ = {isa = PBXBuildFile; fileRef = 6EBE74FE24678CA600B4446F /* AppDelegate.swift */; };
		6EBE750124678CA600B4446F /* SceneDelegate.swift in Sources */ = {isa = PBXBuildFile; fileRef = 6EBE750024678CA600B4446F /* SceneDelegate.swift */; };
		6EBE750324678CA600B4446F /* ViewController.swift in Sources */ = {isa = PBXBuildFile; fileRef = 6EBE750224678CA600B4446F /* ViewController.swift */; };
		6EBE750624678CA600B4446F /* Main.storyboard in Resources */ = {isa = PBXBuildFile; fileRef = 6EBE750424678CA600B4446F /* Main.storyboard */; };
		6EBE750824678CA900B4446F /* Assets.xcassets in Resources */ = {isa = PBXBuildFile; fileRef = 6EBE750724678CA900B4446F /* Assets.xcassets */; };
		6EBE750B24678CA900B4446F /* LaunchScreen.storyboard in Resources */ = {isa = PBXBuildFile; fileRef = 6EBE750924678CA900B4446F /* LaunchScreen.storyboard */; };
		6EBE751624678CAA00B4446F /* GachaTests.swift in Sources */ = {isa = PBXBuildFile; fileRef = 6EBE751524678CAA00B4446F /* GachaTests.swift */; };
		6EBE752124678CAA00B4446F /* GachaUITests.swift in Sources */ = {isa = PBXBuildFile; fileRef = 6EBE752024678CAA00B4446F /* GachaUITests.swift */; };
/* End PBXBuildFile section */

/* Begin PBXContainerItemProxy section */
		6EBE751224678CAA00B4446F /* PBXContainerItemProxy */ = {
			isa = PBXContainerItemProxy;
			containerPortal = 6EBE74F324678CA600B4446F /* Project object */;
			proxyType = 1;
			remoteGlobalIDString = 6EBE74FA24678CA600B4446F;
			remoteInfo = Gacha;
		};
		6EBE751D24678CAA00B4446F /* PBXContainerItemProxy */ = {
			isa = PBXContainerItemProxy;
			containerPortal = 6EBE74F324678CA600B4446F /* Project object */;
			proxyType = 1;
			remoteGlobalIDString = 6EBE74FA24678CA600B4446F;
			remoteInfo = Gacha;
		};
/* End PBXContainerItemProxy section */

/* Begin PBXFileReference section */
		6EBE74FB24678CA600B4446F /* Gacha.app */ = {isa = PBXFileReference; explicitFileType = wrapper.application; includeInIndex = 0; path = Gacha.app; sourceTree = BUILT_PRODUCTS_DIR; };
		6EBE74FE24678CA600B4446F /* AppDelegate.swift */ = {isa = PBXFileReference; lastKnownFileType = sourcecode.swift; path = AppDelegate.swift; sourceTree = "<group>"; };
		6EBE750024678CA600B4446F /* SceneDelegate.swift */ = {isa = PBXFileReference; lastKnownFileType = sourcecode.swift; path = SceneDelegate.swift; sourceTree = "<group>"; };
		6EBE750224678CA600B4446F /* ViewController.swift */ = {isa = PBXFileReference; lastKnownFileType = sourcecode.swift; path = ViewController.swift; sourceTree = "<group>"; };
		6EBE750524678CA600B4446F /* Base */ = {isa = PBXFileReference; lastKnownFileType = file.storyboard; name = Base; path = Base.lproj/Main.storyboard; sourceTree = "<group>"; };
		6EBE750724678CA900B4446F /* Assets.xcassets */ = {isa = PBXFileReference; lastKnownFileType = folder.assetcatalog; path = Assets.xcassets; sourceTree = "<group>"; };
		6EBE750A24678CA900B4446F /* Base */ = {isa = PBXFileReference; lastKnownFileType = file.storyboard; name = Base; path = Base.lproj/LaunchScreen.storyboard; sourceTree = "<group>"; };
		6EBE750C24678CA900B4446F /* Info.plist */ = {isa = PBXFileReference; lastKnownFileType = text.plist.xml; path = Info.plist; sourceTree = "<group>"; };
		6EBE751124678CAA00B4446F /* GachaTests.xctest */ = {isa = PBXFileReference; explicitFileType = wrapper.cfbundle; includeInIndex = 0; path = GachaTests.xctest; sourceTree = BUILT_PRODUCTS_DIR; };
		6EBE751524678CAA00B4446F /* GachaTests.swift */ = {isa = PBXFileReference; lastKnownFileType = sourcecode.swift; path = GachaTests.swift; sourceTree = "<group>"; };
		6EBE751724678CAA00B4446F /* Info.plist */ = {isa = PBXFileReference; lastKnownFileType = text.plist.xml; path = Info.plist; sourceTree = "<group>"; };
		6EBE751C24678CAA00B4446F /* GachaUITests.xctest */ = {isa = PBXFileReference; explicitFileType = wrapper.cfbundle; includeInIndex = 0; path = GachaUITests.xctest; sourceTree = BUILT_PRODUCTS_DIR; };
		6EBE752024678CAA00B4446F /* GachaUITests.swift */ = {isa = PBXFileReference; lastKnownFileType = sourcecode.swift; path = GachaUITests.swift; sourceTree = "<group>"; };
		6EBE752224678CAA00B4446F /* Info.plist */ = {isa = PBXFileReference; lastKnownFileType = text.plist.xml; path = Info.plist; sourceTree = "<group>"; };
/* End PBXFileReference section */

/* Begin PBXFrameworksBuildPhase section */
		6EBE74F824678CA600B4446F /* Frameworks */ = {
			isa = PBXFrameworksBuildPhase;
			buildActionMask = 2147483647;
			files = (
			);
			runOnlyForDeploymentPostprocessing = 0;
		};
		6EBE750E24678CAA00B4446F /* Frameworks */ = {
			isa = PBXFrameworksBuildPhase;
			buildActionMask = 2147483647;
			files = (
			);
			runOnlyForDeploymentPostprocessing = 0;
		};
		6EBE751924678CAA00B4446F /* Frameworks */ = {
			isa = PBXFrameworksBuildPhase;
			buildActionMask = 2147483647;
			files = (
			);
			runOnlyForDeploymentPostprocessing = 0;
		};
/* End PBXFrameworksBuildPhase section */

/* Begin PBXGroup section */
		6EBE74F224678CA600B4446F = {
			isa = PBXGroup;
			children = (
				6EBE74FD24678CA600B4446F /* Gacha */,
				6EBE751424678CAA00B4446F /* GachaTests */,
				6EBE751F24678CAA00B4446F /* GachaUITests */,
				6EBE74FC24678CA600B4446F /* Products */,
			);
			sourceTree = "<group>";
		};
		6EBE74FC24678CA600B4446F /* Products */ = {
			isa = PBXGroup;
			children = (
				6EBE74FB24678CA600B4446F /* Gacha.app */,
				6EBE751124678CAA00B4446F /* GachaTests.xctest */,
				6EBE751C24678CAA00B4446F /* GachaUITests.xctest */,
			);
			name = Products;
			sourceTree = "<group>";
		};
		6EBE74FD24678CA600B4446F /* Gacha */ = {
			isa = PBXGroup;
			children = (
				6EBE74FE24678CA600B4446F /* AppDelegate.swift */,
				6EBE750024678CA600B4446F /* SceneDelegate.swift */,
				6EBE750224678CA600B4446F /* ViewController.swift */,
				6EBE750424678CA600B4446F /* Main.storyboard */,
				6EBE750724678CA900B4446F /* Assets.xcassets */,
				6EBE750924678CA900B4446F /* LaunchScreen.storyboard */,
				6EBE750C24678CA900B4446F /* Info.plist */,
			);
			path = Gacha;
			sourceTree = "<group>";
		};
		6EBE751424678CAA00B4446F /* GachaTests */ = {
			isa = PBXGroup;
			children = (
				6EBE751524678CAA00B4446F /* GachaTests.swift */,
				6EBE751724678CAA00B4446F /* Info.plist */,
			);
			path = GachaTests;
			sourceTree = "<group>";
		};
		6EBE751F24678CAA00B4446F /* GachaUITests */ = {
			isa = PBXGroup;
			children = (
				6EBE752024678CAA00B4446F /* GachaUITests.swift */,
				6EBE752224678CAA00B4446F /* Info.plist */,
			);
			path = GachaUITests;
			sourceTree = "<group>";
		};
/* End PBXGroup section */

/* Begin PBXNativeTarget section */
		6EBE74FA24678CA600B4446F /* Gacha */ = {
			isa = PBXNativeTarget;
			buildConfigurationList = 6EBE752524678CAA00B4446F /* Build configuration list for PBXNativeTarget "Gacha" */;
			buildPhases = (
				6EBE74F724678CA600B4446F /* Sources */,
				6EBE74F824678CA600B4446F /* Frameworks */,
				6EBE74F924678CA600B4446F /* Resources */,
			);
			buildRules = (
			);
			dependencies = (
			);
			name = Gacha;
			productName = Gacha;
			productReference = 6EBE74FB24678CA600B4446F /* Gacha.app */;
			productType = "com.apple.product-type.application";
		};
		6EBE751024678CAA00B4446F /* GachaTests */ = {
			isa = PBXNativeTarget;
			buildConfigurationList = 6EBE752824678CAA00B4446F /* Build configuration list for PBXNativeTarget "GachaTests" */;
			buildPhases = (
				6EBE750D24678CAA00B4446F /* Sources */,
				6EBE750E24678CAA00B4446F /* Frameworks */,
				6EBE750F24678CAA00B4446F /* Resources */,
			);
			buildRules = (
			);
			dependencies = (
				6EBE751324678CAA00B4446F /* PBXTargetDependency */,
			);
			name = GachaTests;
			productName = GachaTests;
			productReference = 6EBE751124678CAA00B4446F /* GachaTests.xctest */;
			productType = "com.apple.product-type.bundle.unit-test";
		};
		6EBE751B24678CAA00B4446F /* GachaUITests */ = {
			isa = PBXNativeTarget;
			buildConfigurationList = 6EBE752B24678CAA00B4446F /* Build configuration list for PBXNativeTarget "GachaUITests" */;
			buildPhases = (
				6EBE751824678CAA00B4446F /* Sources */,
				6EBE751924678CAA00B4446F /* Frameworks */,
				6EBE751A24678CAA00B4446F /* Resources */,
			);
			buildRules = (
			);
			dependencies = (
				6EBE751E24678CAA00B4446F /* PBXTargetDependency */,
			);
			name = GachaUITests;
			productName = GachaUITests;
			productReference = 6EBE751C24678CAA00B4446F /* GachaUITests.xctest */;
			productType = "com.apple.product-type.bundle.ui-testing";
		};
/* End PBXNativeTarget section */

/* Begin PBXProject section */
		6EBE74F324678CA600B4446F /* Project object */ = {
			isa = PBXProject;
			attributes = {
				LastSwiftUpdateCheck = 1140;
				LastUpgradeCheck = 1140;
				ORGANIZATIONNAME = "Okada Hattsunn";
				TargetAttributes = {
					6EBE74FA24678CA600B4446F = {
						CreatedOnToolsVersion = 11.4.1;
					};
					6EBE751024678CAA00B4446F = {
						CreatedOnToolsVersion = 11.4.1;
						TestTargetID = 6EBE74FA24678CA600B4446F;
					};
					6EBE751B24678CAA00B4446F = {
						CreatedOnToolsVersion = 11.4.1;
						TestTargetID = 6EBE74FA24678CA600B4446F;
					};
				};
			};
			buildConfigurationList = 6EBE74F624678CA600B4446F /* Build configuration list for PBXProject "Gacha" */;
			compatibilityVersion = "Xcode 9.3";
			developmentRegion = en;
			hasScannedForEncodings = 0;
			knownRegions = (
				en,
				Base,
			);
			mainGroup = 6EBE74F224678CA600B4446F;
			productRefGroup = 6EBE74FC24678CA600B4446F /* Products */;
			projectDirPath = "";
			projectRoot = "";
			targets = (
				6EBE74FA24678CA600B4446F /* Gacha */,
				6EBE751024678CAA00B4446F /* GachaTests */,
				6EBE751B24678CAA00B4446F /* GachaUITests */,
			);
		};
/* End PBXProject section */

/* Begin PBXResourcesBuildPhase section */
		6EBE74F924678CA600B4446F /* Resources */ = {
			isa = PBXResourcesBuildPhase;
			buildActionMask = 2147483647;
			files = (
				6EBE750B24678CA900B4446F /* LaunchScreen.storyboard in Resources */,
				6EBE750824678CA900B4446F /* Assets.xcassets in Resources */,
				6EBE750624678CA600B4446F /* Main.storyboard in Resources */,
			);
			runOnlyForDeploymentPostprocessing = 0;
		};
		6EBE750F24678CAA00B4446F /* Resources */ = {
			isa = PBXResourcesBuildPhase;
			buildActionMask = 2147483647;
			files = (
			);
			runOnlyForDeploymentPostprocessing = 0;
		};
		6EBE751A24678CAA00B4446F /* Resources */ = {
			isa = PBXResourcesBuildPhase;
			buildActionMask = 2147483647;
			files = (
			);
			runOnlyForDeploymentPostprocessing = 0;
		};
/* End PBXResourcesBuildPhase section */

/* Begin PBXSourcesBuildPhase section */
		6EBE74F724678CA600B4446F /* Sources */ = {
			isa = PBXSourcesBuildPhase;
			buildActionMask = 2147483647;
			files = (
				6EBE750324678CA600B4446F /* ViewController.swift in Sources */,
				6EBE74FF24678CA600B4446F /* AppDelegate.swift in Sources */,
				6EBE750124678CA600B4446F /* SceneDelegate.swift in Sources */,
			);
			runOnlyForDeploymentPostprocessing = 0;
		};
		6EBE750D24678CAA00B4446F /* Sources */ = {
			isa = PBXSourcesBuildPhase;
			buildActionMask = 2147483647;
			files = (
				6EBE751624678CAA00B4446F /* GachaTests.swift in Sources */,
			);
			runOnlyForDeploymentPostprocessing = 0;
		};
		6EBE751824678CAA00B4446F /* Sources */ = {
			isa = PBXSourcesBuildPhase;
			buildActionMask = 2147483647;
			files = (
				6EBE752124678CAA00B4446F /* GachaUITests.swift in Sources */,
			);
			runOnlyForDeploymentPostprocessing = 0;
		};
/* End PBXSourcesBuildPhase section */

/* Begin PBXTargetDependency section */
		6EBE751324678CAA00B4446F /* PBXTargetDependency */ = {
			isa = PBXTargetDependency;
			target = 6EBE74FA24678CA600B4446F /* Gacha */;
			targetProxy = 6EBE751224678CAA00B4446F /* PBXContainerItemProxy */;
		};
		6EBE751E24678CAA00B4446F /* PBXTargetDependency */ = {
			isa = PBXTargetDependency;
			target = 6EBE74FA24678CA600B4446F /* Gacha */;
			targetProxy = 6EBE751D24678CAA00B4446F /* PBXContainerItemProxy */;
		};
/* End PBXTargetDependency section */

/* Begin PBXVariantGroup section */
		6EBE750424678CA600B4446F /* Main.storyboard */ = {
			isa = PBXVariantGroup;
			children = (
				6EBE750524678CA600B4446F /* Base */,
			);
			name = Main.storyboard;
			sourceTree = "<group>";
		};
		6EBE750924678CA900B4446F /* LaunchScreen.storyboard */ = {
			isa = PBXVariantGroup;
			children = (
				6EBE750A24678CA900B4446F /* Base */,
			);
			name = LaunchScreen.storyboard;
			sourceTree = "<group>";
		};
/* End PBXVariantGroup section */

/* Begin XCBuildConfiguration section */
		6EBE752324678CAA00B4446F /* Debug */ = {
			isa = XCBuildConfiguration;
			buildSettings = {
				ALWAYS_SEARCH_USER_PATHS = NO;
				CLANG_ANALYZER_NONNULL = YES;
				CLANG_ANALYZER_NUMBER_OBJECT_CONVERSION = YES_AGGRESSIVE;
				CLANG_CXX_LANGUAGE_STANDARD = "gnu++14";
				CLANG_CXX_LIBRARY = "libc++";
				CLANG_ENABLE_MODULES = YES;
				CLANG_ENABLE_OBJC_ARC = YES;
				CLANG_ENABLE_OBJC_WEAK = YES;
				CLANG_WARN_BLOCK_CAPTURE_AUTORELEASING = YES;
				CLANG_WARN_BOOL_CONVERSION = YES;
				CLANG_WARN_COMMA = YES;
				CLANG_WARN_CONSTANT_CONVERSION = YES;
				CLANG_WARN_DEPRECATED_OBJC_IMPLEMENTATIONS = YES;
				CLANG_WARN_DIRECT_OBJC_ISA_USAGE = YES_ERROR;
				CLANG_WARN_DOCUMENTATION_COMMENTS = YES;
				CLANG_WARN_EMPTY_BODY = YES;
				CLANG_WARN_ENUM_CONVERSION = YES;
				CLANG_WARN_INFINITE_RECURSION = YES;
				CLANG_WARN_INT_CONVERSION = YES;
				CLANG_WARN_NON_LITERAL_NULL_CONVERSION = YES;
				CLANG_WARN_OBJC_IMPLICIT_RETAIN_SELF = YES;
				CLANG_WARN_OBJC_LITERAL_CONVERSION = YES;
				CLANG_WARN_OBJC_ROOT_CLASS = YES_ERROR;
				CLANG_WARN_RANGE_LOOP_ANALYSIS = YES;
				CLANG_WARN_STRICT_PROTOTYPES = YES;
				CLANG_WARN_SUSPICIOUS_MOVE = YES;
				CLANG_WARN_UNGUARDED_AVAILABILITY = YES_AGGRESSIVE;
				CLANG_WARN_UNREACHABLE_CODE = YES;
				CLANG_WARN__DUPLICATE_METHOD_MATCH = YES;
				COPY_PHASE_STRIP = NO;
				DEBUG_INFORMATION_FORMAT = dwarf;
				ENABLE_STRICT_OBJC_MSGSEND = YES;
				ENABLE_TESTABILITY = YES;
				GCC_C_LANGUAGE_STANDARD = gnu11;
				GCC_DYNAMIC_NO_PIC = NO;
				GCC_NO_COMMON_BLOCKS = YES;
				GCC_OPTIMIZATION_LEVEL = 0;
				GCC_PREPROCESSOR_DEFINITIONS = (
					"DEBUG=1",
					"$(inherited)",
				);
				GCC_WARN_64_TO_32_BIT_CONVERSION = YES;
				GCC_WARN_ABOUT_RETURN_TYPE = YES_ERROR;
				GCC_WARN_UNDECLARED_SELECTOR = YES;
				GCC_WARN_UNINITIALIZED_AUTOS = YES_AGGRESSIVE;
				GCC_WARN_UNUSED_FUNCTION = YES;
				GCC_WARN_UNUSED_VARIABLE = YES;
				IPHONEOS_DEPLOYMENT_TARGET = 13.4;
				MTL_ENABLE_DEBUG_INFO = INCLUDE_SOURCE;
				MTL_FAST_MATH = YES;
				ONLY_ACTIVE_ARCH = YES;
				SDKROOT = iphoneos;
				SWIFT_ACTIVE_COMPILATION_CONDITIONS = DEBUG;
				SWIFT_OPTIMIZATION_LEVEL = "-Onone";
			};
			name = Debug;
		};
		6EBE752424678CAA00B4446F /* Release */ = {
			isa = XCBuildConfiguration;
			buildSettings = {
				ALWAYS_SEARCH_USER_PATHS = NO;
				CLANG_ANALYZER_NONNULL = YES;
				CLANG_ANALYZER_NUMBER_OBJECT_CONVERSION = YES_AGGRESSIVE;
				CLANG_CXX_LANGUAGE_STANDARD = "gnu++14";
				CLANG_CXX_LIBRARY = "libc++";
				CLANG_ENABLE_MODULES = YES;
				CLANG_ENABLE_OBJC_ARC = YES;
				CLANG_ENABLE_OBJC_WEAK = YES;
				CLANG_WARN_BLOCK_CAPTURE_AUTORELEASING = YES;
				CLANG_WARN_BOOL_CONVERSION = YES;
				CLANG_WARN_COMMA = YES;
				CLANG_WARN_CONSTANT_CONVERSION = YES;
				CLANG_WARN_DEPRECATED_OBJC_IMPLEMENTATIONS = YES;
				CLANG_WARN_DIRECT_OBJC_ISA_USAGE = YES_ERROR;
				CLANG_WARN_DOCUMENTATION_COMMENTS = YES;
				CLANG_WARN_EMPTY_BODY = YES;
				CLANG_WARN_ENUM_CONVERSION = YES;
				CLANG_WARN_INFINITE_RECURSION = YES;
				CLANG_WARN_INT_CONVERSION = YES;
				CLANG_WARN_NON_LITERAL_NULL_CONVERSION = YES;
				CLANG_WARN_OBJC_IMPLICIT_RETAIN_SELF = YES;
				CLANG_WARN_OBJC_LITERAL_CONVERSION = YES;
				CLANG_WARN_OBJC_ROOT_CLASS = YES_ERROR;
				CLANG_WARN_RANGE_LOOP_ANALYSIS = YES;
				CLANG_WARN_STRICT_PROTOTYPES = YES;
				CLANG_WARN_SUSPICIOUS_MOVE = YES;
				CLANG_WARN_UNGUARDED_AVAILABILITY = YES_AGGRESSIVE;
				CLANG_WARN_UNREACHABLE_CODE = YES;
				CLANG_WARN__DUPLICATE_METHOD_MATCH = YES;
				COPY_PHASE_STRIP = NO;
				DEBUG_INFORMATION_FORMAT = "dwarf-with-dsym";
				ENABLE_NS_ASSERTIONS = NO;
				ENABLE_STRICT_OBJC_MSGSEND = YES;
				GCC_C_LANGUAGE_STANDARD = gnu11;
				GCC_NO_COMMON_BLOCKS = YES;
				GCC_WARN_64_TO_32_BIT_CONVERSION = YES;
				GCC_WARN_ABOUT_RETURN_TYPE = YES_ERROR;
				GCC_WARN_UNDECLARED_SELECTOR = YES;
				GCC_WARN_UNINITIALIZED_AUTOS = YES_AGGRESSIVE;
				GCC_WARN_UNUSED_FUNCTION = YES;
				GCC_WARN_UNUSED_VARIABLE = YES;
				IPHONEOS_DEPLOYMENT_TARGET = 13.4;
				MTL_ENABLE_DEBUG_INFO = NO;
				MTL_FAST_MATH = YES;
				SDKROOT = iphoneos;
				SWIFT_COMPILATION_MODE = wholemodule;
				SWIFT_OPTIMIZATION_LEVEL = "-O";
				VALIDATE_PRODUCT = YES;
			};
			name = Release;
		};
		6EBE752624678CAA00B4446F /* Debug */ = {
			isa = XCBuildConfiguration;
			buildSettings = {
				ASSETCATALOG_COMPILER_APPICON_NAME = AppIcon;
				CODE_SIGN_STYLE = Automatic;
				INFOPLIST_FILE = Gacha/Info.plist;
				LD_RUNPATH_SEARCH_PATHS = (
					"$(inherited)",
					"@executable_path/Frameworks",
				);
				PRODUCT_BUNDLE_IDENTIFIER = app.Okada.Hattsunn.Gacha;
				PRODUCT_NAME = "$(TARGET_NAME)";
				SWIFT_VERSION = 5.0;
				TARGETED_DEVICE_FAMILY = "1,2";
			};
			name = Debug;
		};
		6EBE752724678CAA00B4446F /* Release */ = {
			isa = XCBuildConfiguration;
			buildSettings = {
				ASSETCATALOG_COMPILER_APPICON_NAME = AppIcon;
				CODE_SIGN_STYLE = Automatic;
				INFOPLIST_FILE = Gacha/Info.plist;
				LD_RUNPATH_SEARCH_PATHS = (
					"$(inherited)",
					"@executable_path/Frameworks",
				);
				PRODUCT_BUNDLE_IDENTIFIER = app.Okada.Hattsunn.Gacha;
				PRODUCT_NAME = "$(TARGET_NAME)";
				SWIFT_VERSION = 5.0;
				TARGETED_DEVICE_FAMILY = "1,2";
			};
			name = Release;
		};
		6EBE752924678CAA00B4446F /* Debug */ = {
			isa = XCBuildConfiguration;
			buildSettings = {
				ALWAYS_EMBED_SWIFT_STANDARD_LIBRARIES = YES;
				BUNDLE_LOADER = "$(TEST_HOST)";
				CODE_SIGN_STYLE = Automatic;
				INFOPLIST_FILE = GachaTests/Info.plist;
				IPHONEOS_DEPLOYMENT_TARGET = 13.4;
				LD_RUNPATH_SEARCH_PATHS = (
					"$(inherited)",
					"@executable_path/Frameworks",
					"@loader_path/Frameworks",
				);
				PRODUCT_BUNDLE_IDENTIFIER = app.Okada.Hattsunn.GachaTests;
				PRODUCT_NAME = "$(TARGET_NAME)";
				SWIFT_VERSION = 5.0;
				TARGETED_DEVICE_FAMILY = "1,2";
				TEST_HOST = "$(BUILT_PRODUCTS_DIR)/Gacha.app/Gacha";
			};
			name = Debug;
		};
		6EBE752A24678CAA00B4446F /* Release */ = {
			isa = XCBuildConfiguration;
			buildSettings = {
				ALWAYS_EMBED_SWIFT_STANDARD_LIBRARIES = YES;
				BUNDLE_LOADER = "$(TEST_HOST)";
				CODE_SIGN_STYLE = Automatic;
				INFOPLIST_FILE = GachaTests/Info.plist;
				IPHONEOS_DEPLOYMENT_TARGET = 13.4;
				LD_RUNPATH_SEARCH_PATHS = (
					"$(inherited)",
					"@executable_path/Frameworks",
					"@loader_path/Frameworks",
				);
				PRODUCT_BUNDLE_IDENTIFIER = app.Okada.Hattsunn.GachaTests;
				PRODUCT_NAME = "$(TARGET_NAME)";
				SWIFT_VERSION = 5.0;
				TARGETED_DEVICE_FAMILY = "1,2";
				TEST_HOST = "$(BUILT_PRODUCTS_DIR)/Gacha.app/Gacha";
			};
			name = Release;
		};
		6EBE752C24678CAA00B4446F /* Debug */ = {
			isa = XCBuildConfiguration;
			buildSettings = {
				ALWAYS_EMBED_SWIFT_STANDARD_LIBRARIES = YES;
				CODE_SIGN_STYLE = Automatic;
				INFOPLIST_FILE = GachaUITests/Info.plist;
				LD_RUNPATH_SEARCH_PATHS = (
					"$(inherited)",
					"@executable_path/Frameworks",
					"@loader_path/Frameworks",
				);
				PRODUCT_BUNDLE_IDENTIFIER = app.Okada.Hattsunn.GachaUITests;
				PRODUCT_NAME = "$(TARGET_NAME)";
				SWIFT_VERSION = 5.0;
				TARGETED_DEVICE_FAMILY = "1,2";
				TEST_TARGET_NAME = Gacha;
			};
			name = Debug;
		};
		6EBE752D24678CAA00B4446F /* Release */ = {
			isa = XCBuildConfiguration;
			buildSettings = {
				ALWAYS_EMBED_SWIFT_STANDARD_LIBRARIES = YES;
				CODE_SIGN_STYLE = Automatic;
				INFOPLIST_FILE = GachaUITests/Info.plist;
				LD_RUNPATH_SEARCH_PATHS = (
					"$(inherited)",
					"@executable_path/Frameworks",
					"@loader_path/Frameworks",
				);
				PRODUCT_BUNDLE_IDENTIFIER = app.Okada.Hattsunn.GachaUITests;
				PRODUCT_NAME = "$(TARGET_NAME)";
				SWIFT_VERSION = 5.0;
				TARGETED_DEVICE_FAMILY = "1,2";
				TEST_TARGET_NAME = Gacha;
			};
			name = Release;
		};
/* End XCBuildConfiguration section */

/* Begin XCConfigurationList section */
		6EBE74F624678CA600B4446F /* Build configuration list for PBXProject "Gacha" */ = {
			isa = XCConfigurationList;
			buildConfigurations = (
				6EBE752324678CAA00B4446F /* Debug */,
				6EBE752424678CAA00B4446F /* Release */,
			);
			defaultConfigurationIsVisible = 0;
			defaultConfigurationName = Release;
		};
		6EBE752524678CAA00B4446F /* Build configuration list for PBXNativeTarget "Gacha" */ = {
			isa = XCConfigurationList;
			buildConfigurations = (
				6EBE752624678CAA00B4446F /* Debug */,
				6EBE752724678CAA00B4446F /* Release */,
			);
			defaultConfigurationIsVisible = 0;
			defaultConfigurationName = Release;
		};
		6EBE752824678CAA00B4446F /* Build configuration list for PBXNativeTarget "GachaTests" */ = {
			isa = XCConfigurationList;
			buildConfigurations = (
				6EBE752924678CAA00B4446F /* Debug */,
				6EBE752A24678CAA00B4446F /* Release */,
			);
			defaultConfigurationIsVisible = 0;
			defaultConfigurationName = Release;
		};
		6EBE752B24678CAA00B4446F /* Build configuration list for PBXNativeTarget "GachaUITests" */ = {
			isa = XCConfigurationList;
			buildConfigurations = (
				6EBE752C24678CAA00B4446F /* Debug */,
				6EBE752D24678CAA00B4446F /* Release */,
			);
			defaultConfigurationIsVisible = 0;
			defaultConfigurationName = Release;
		};
/* End XCConfigurationList section */
	};
	rootObject = 6EBE74F324678CA600B4446F /* Project object */;
}
